
Microsoft Visual Studio Solution File, Format Version 12.00
# Visual Studio Version 17
VisualStudioVersion = 17.5.002.0
MinimumVisualStudioVersion = 10.0.40219.1
Project("{9A19103F-16F7-4668-BE54-9A1E7A4F7556}") = "Dotnet.Samples.AspNetCore.WebApi", "Dotnet.Samples.AspNetCore.WebApi\Dotnet.Samples.AspNetCore.WebApi.csproj", "{5C9D575F-BA87-45E3-A809-A6A3FA8BACEC}"
EndProject
Project("{FAE04EC0-301F-11D3-BF4B-00C04F79EFBC}") = "Dotnet.Samples.AspNetCore.WebApi.Tests", "Dotnet.Samples.AspNetCore.WebApi.Tests\Dotnet.Samples.AspNetCore.WebApi.Tests.csproj", "{EB141171-BC47-4EAB-BD5B-61B24E0B509D}"
EndProject
Global
	GlobalSection(SolutionConfigurationPlatforms) = preSolution
		Debug|Any CPU = Debug|Any CPU
		Release|Any CPU = Release|Any CPU
	EndGlobalSection
	GlobalSection(ProjectConfigurationPlatforms) = postSolution
		{5C9D575F-BA87-45E3-A809-A6A3FA8BACEC}.Debug|Any CPU.ActiveCfg = Debug|Any CPU
		{5C9D575F-BA87-45E3-A809-A6A3FA8BACEC}.Debug|Any CPU.Build.0 = Debug|Any CPU
		{5C9D575F-BA87-45E3-A809-A6A3FA8BACEC}.Release|Any CPU.ActiveCfg = Release|Any CPU
		{5C9D575F-BA87-45E3-A809-A6A3FA8BACEC}.Release|Any CPU.Build.0 = Release|Any CPU
		{EB141171-BC47-4EAB-BD5B-61B24E0B509D}.Debug|Any CPU.ActiveCfg = Debug|Any CPU
		{EB141171-BC47-4EAB-BD5B-61B24E0B509D}.Debug|Any CPU.Build.0 = Debug|Any CPU
		{EB141171-BC47-4EAB-BD5B-61B24E0B509D}.Release|Any CPU.ActiveCfg = Release|Any CPU
		{EB141171-BC47-4EAB-BD5B-61B24E0B509D}.Release|Any CPU.Build.0 = Release|Any CPU
	EndGlobalSection
	GlobalSection(SolutionProperties) = preSolution
		HideSolutionNode = FALSE
	EndGlobalSection
	GlobalSection(ExtensibilityGlobals) = postSolution
		SolutionGuid = {2B47AED3-6774-467B-92AE-6A3EAC9741BA}
	EndGlobalSection
EndGlobal
